
Microsoft Visual Studio Solution File, Format Version 12.00
# Visual Studio 14
VisualStudioVersion = 14.0.25123.0
MinimumVisualStudioVersion = 10.0.40219.1
Project("{FAE04EC0-301F-11D3-BF4B-00C04F79EFBC}") = "IceBreak", "IceBreak\IceBreak.csproj", "{DE80A66B-49DA-4183-8750-E60D2CA3CBB9}"
EndProject
Project("{FAE04EC0-301F-11D3-BF4B-00C04F79EFBC}") = "IceBreak.Tests", "IceBreak.Tests\IceBreak.Tests.csproj", "{3E031CD2-D54B-4B33-91D3-11EAA0D97FC5}"
EndProject
Global
	GlobalSection(SolutionConfigurationPlatforms) = preSolution
		Debug|Any CPU = Debug|Any CPU
		Release|Any CPU = Release|Any CPU
	EndGlobalSection
	GlobalSection(ProjectConfigurationPlatforms) = postSolution
		{DE80A66B-49DA-4183-8750-E60D2CA3CBB9}.Debug|Any CPU.ActiveCfg = Debug|Any CPU
		{DE80A66B-49DA-4183-8750-E60D2CA3CBB9}.Debug|Any CPU.Build.0 = Debug|Any CPU
		{DE80A66B-49DA-4183-8750-E60D2CA3CBB9}.Release|Any CPU.ActiveCfg = Release|Any CPU
		{DE80A66B-49DA-4183-8750-E60D2CA3CBB9}.Release|Any CPU.Build.0 = Release|Any CPU
		{3E031CD2-D54B-4B33-91D3-11EAA0D97FC5}.Debug|Any CPU.ActiveCfg = Debug|Any CPU
		{3E031CD2-D54B-4B33-91D3-11EAA0D97FC5}.Debug|Any CPU.Build.0 = Debug|Any CPU
		{3E031CD2-D54B-4B33-91D3-11EAA0D97FC5}.Release|Any CPU.ActiveCfg = Release|Any CPU
		{3E031CD2-D54B-4B33-91D3-11EAA0D97FC5}.Release|Any CPU.Build.0 = Release|Any CPU
	EndGlobalSection
	GlobalSection(SolutionProperties) = preSolution
		HideSolutionNode = FALSE
	EndGlobalSection
EndGlobal
